
Microsoft Visual Studio Solution File, Format Version 12.00
# Visual Studio Version 16
VisualStudioVersion = 16.0.31205.134
MinimumVisualStudioVersion = 10.0.40219.1
Project("{FAE04EC0-301F-11D3-BF4B-00C04F79EFBC}") = "RabbitMQ.Producer", "RabbitMQ.Producer\RabbitMQ.Producer.csproj", "{5198C57F-D368-4167-9FA7-2951F316309E}"
EndProject
Project("{FAE04EC0-301F-11D3-BF4B-00C04F79EFBC}") = "RabbitMQ.Consumer", "RabbitMQ.Consumer\RabbitMQ.Consumer.csproj", "{C4EF75CC-30B7-4B54-B709-D43F62055210}"
EndProject
Global
	GlobalSection(SolutionConfigurationPlatforms) = preSolution
		Debug|Any CPU = Debug|Any CPU
		Release|Any CPU = Release|Any CPU
	EndGlobalSection
	GlobalSection(ProjectConfigurationPlatforms) = postSolution
		{5198C57F-D368-4167-9FA7-2951F316309E}.Debug|Any CPU.ActiveCfg = Debug|Any CPU
		{5198C57F-D368-4167-9FA7-2951F316309E}.Debug|Any CPU.Build.0 = Debug|Any CPU
		{5198C57F-D368-4167-9FA7-2951F316309E}.Release|Any CPU.ActiveCfg = Release|Any CPU
		{5198C57F-D368-4167-9FA7-2951F316309E}.Release|Any CPU.Build.0 = Release|Any CPU
		{C4EF75CC-30B7-4B54-B709-D43F62055210}.Debug|Any CPU.ActiveCfg = Debug|Any CPU
		{C4EF75CC-30B7-4B54-B709-D43F62055210}.Debug|Any CPU.Build.0 = Debug|Any CPU
		{C4EF75CC-30B7-4B54-B709-D43F62055210}.Release|Any CPU.ActiveCfg = Release|Any CPU
		{C4EF75CC-30B7-4B54-B709-D43F62055210}.Release|Any CPU.Build.0 = Release|Any CPU
	EndGlobalSection
	GlobalSection(SolutionProperties) = preSolution
		HideSolutionNode = FALSE
	EndGlobalSection
	GlobalSection(ExtensibilityGlobals) = postSolution
		SolutionGuid = {69E80174-DF44-4927-BB51-5739110ABF76}
	EndGlobalSection
EndGlobal
